
Microsoft Visual Studio Solution File, Format Version 12.00
# Visual Studio Version 17
VisualStudioVersion = 17.8.34330.188
MinimumVisualStudioVersion = 10.0.40219.1
Project("{FAE04EC0-301F-11D3-BF4B-00C04F79EFBC}") = "RMSystem", "RMSystem.csproj", "{67B62F6D-47B5-4768-8AFC-CD1F63655A21}"
EndProject
Global
	GlobalSection(SolutionConfigurationPlatforms) = preSolution
		Debug|Any CPU = Debug|Any CPU
		Release|Any CPU = Release|Any CPU
	EndGlobalSection
	GlobalSection(ProjectConfigurationPlatforms) = postSolution
		{67B62F6D-47B5-4768-8AFC-CD1F63655A21}.Debug|Any CPU.ActiveCfg = Debug|Any CPU
		{67B62F6D-47B5-4768-8AFC-CD1F63655A21}.Debug|Any CPU.Build.0 = Debug|Any CPU
		{67B62F6D-47B5-4768-8AFC-CD1F63655A21}.Release|Any CPU.ActiveCfg = Release|Any CPU
		{67B62F6D-47B5-4768-8AFC-CD1F63655A21}.Release|Any CPU.Build.0 = Release|Any CPU
	EndGlobalSection
	GlobalSection(SolutionProperties) = preSolution
		HideSolutionNode = FALSE
	EndGlobalSection
	GlobalSection(ExtensibilityGlobals) = postSolution
		SolutionGuid = {4F476EBA-F0C8-486E-879C-1CF1F03D07F4}
	EndGlobalSection
EndGlobal
